
Microsoft Visual Studio Solution File, Format Version 12.00
# Visual Studio Version 17
VisualStudioVersion = 17.10.35013.160
MinimumVisualStudioVersion = 10.0.40219.1
Project("{FAE04EC0-301F-11D3-BF4B-00C04F79EFBC}") = "InventoryManagement", "InventoryManagement\InventoryManagement.csproj", "{37B72A4F-1F2E-41A3-8714-35DF62456B2A}"
EndProject
Global
	GlobalSection(SolutionConfigurationPlatforms) = preSolution
		Debug|Any CPU = Debug|Any CPU
		Release|Any CPU = Release|Any CPU
	EndGlobalSection
	GlobalSection(ProjectConfigurationPlatforms) = postSolution
		{37B72A4F-1F2E-41A3-8714-35DF62456B2A}.Debug|Any CPU.ActiveCfg = Debug|Any CPU
		{37B72A4F-1F2E-41A3-8714-35DF62456B2A}.Debug|Any CPU.Build.0 = Debug|Any CPU
		{37B72A4F-1F2E-41A3-8714-35DF62456B2A}.Release|Any CPU.ActiveCfg = Release|Any CPU
		{37B72A4F-1F2E-41A3-8714-35DF62456B2A}.Release|Any CPU.Build.0 = Release|Any CPU
	EndGlobalSection
	GlobalSection(SolutionProperties) = preSolution
		HideSolutionNode = FALSE
	EndGlobalSection
	GlobalSection(ExtensibilityGlobals) = postSolution
		SolutionGuid = {5989C71C-B590-423C-B11B-A847E4D8940E}
	EndGlobalSection
EndGlobal
